
Microsoft Visual Studio Solution File, Format Version 12.00
# Visual Studio Version 17
VisualStudioVersion = 17.3.32804.467
MinimumVisualStudioVersion = 10.0.40219.1
Project("{FAE04EC0-301F-11D3-BF4B-00C04F79EFBC}") = "WebApplication3", "WebApplication3\WebApplication3.csproj", "{AF037F96-6727-4D36-BA10-2728A9F7B40A}"
EndProject
Global
	GlobalSection(SolutionConfigurationPlatforms) = preSolution
		Debug|Any CPU = Debug|Any CPU
		Release|Any CPU = Release|Any CPU
	EndGlobalSection
	GlobalSection(ProjectConfigurationPlatforms) = postSolution
		{AF037F96-6727-4D36-BA10-2728A9F7B40A}.Debug|Any CPU.ActiveCfg = Debug|Any CPU
		{AF037F96-6727-4D36-BA10-2728A9F7B40A}.Debug|Any CPU.Build.0 = Debug|Any CPU
		{AF037F96-6727-4D36-BA10-2728A9F7B40A}.Release|Any CPU.ActiveCfg = Release|Any CPU
		{AF037F96-6727-4D36-BA10-2728A9F7B40A}.Release|Any CPU.Build.0 = Release|Any CPU
	EndGlobalSection
	GlobalSection(SolutionProperties) = preSolution
		HideSolutionNode = FALSE
	EndGlobalSection
	GlobalSection(ExtensibilityGlobals) = postSolution
		SolutionGuid = {388964CF-1A0B-4A08-A507-54BA6C243E30}
	EndGlobalSection
EndGlobal
